// !$*UTF8*$!
{
	archiveVersion = 1;
	classes = {
	};
	objectVersion = 56;
	objects = {

/* Begin PBXBuildFile section */
		789E89A52CA5E13A00D3D6BC /* ExplodingView.swift in Sources */ = {isa = PBXBuildFile; fileRef = 789E89A32CA5E13A00D3D6BC /* ExplodingView.swift */; };
		789E89A62CA5E13A00D3D6BC /* DragNDropDots.swift in Sources */ = {isa = PBXBuildFile; fileRef = 789E89A22CA5E13A00D3D6BC /* DragNDropDots.swift */; };
		789E89A72CA5E13A00D3D6BC /* DancingDots.swift in Sources */ = {isa = PBXBuildFile; fileRef = 789E89A12CA5E13A00D3D6BC /* DancingDots.swift */; };
		789E89A82CA5E13A00D3D6BC /* BasicAnimation.swift in Sources */ = {isa = PBXBuildFile; fileRef = 789E899F2CA5E13A00D3D6BC /* BasicAnimation.swift */; };
		789E89A92CA5E13A00D3D6BC /* BasicShapes.swift in Sources */ = {isa = PBXBuildFile; fileRef = 789E89A02CA5E13A00D3D6BC /* BasicShapes.swift */; };
		789E89AA2CA5E13A00D3D6BC /* ScaleObject.swift in Sources */ = {isa = PBXBuildFile; fileRef = 789E89A42CA5E13A00D3D6BC /* ScaleObject.swift */; };
		78B5D7DC2CA0CDE40091E7B2 /* Animation_SwiftUIApp.swift in Sources */ = {isa = PBXBuildFile; fileRef = 78B5D7DB2CA0CDE40091E7B2 /* Animation_SwiftUIApp.swift */; };
		78B5D7E02CA0CDE60091E7B2 /* Assets.xcassets in Resources */ = {isa = PBXBuildFile; fileRef = 78B5D7DF2CA0CDE60091E7B2 /* Assets.xcassets */; };
		78B5D7E32CA0CDE60091E7B2 /* Preview Assets.xcassets in Resources */ = {isa = PBXBuildFile; fileRef = 78B5D7E22CA0CDE60091E7B2 /* Preview Assets.xcassets */; };
		78B5D7F42CA0D9800091E7B2 /* SwapEffect.swift in Sources */ = {isa = PBXBuildFile; fileRef = 78B5D7F32CA0D9800091E7B2 /* SwapEffect.swift */; };
		78B5D7F62CA0D9AD0091E7B2 /* WaveDots.swift in Sources */ = {isa = PBXBuildFile; fileRef = 78B5D7F52CA0D9AD0091E7B2 /* WaveDots.swift */; };
		78B5D7F82CA0D9F30091E7B2 /* StartButtonStyle.swift in Sources */ = {isa = PBXBuildFile; fileRef = 78B5D7F72CA0D9F30091E7B2 /* StartButtonStyle.swift */; };
		78B5D7FA2CA0DA230091E7B2 /* SpinView.swift in Sources */ = {isa = PBXBuildFile; fileRef = 78B5D7F92CA0DA230091E7B2 /* SpinView.swift */; };
		78B5D7FC2CA0DA480091E7B2 /* Template.swift in Sources */ = {isa = PBXBuildFile; fileRef = 78B5D7FB2CA0DA480091E7B2 /* Template.swift */; };
		78B5D7FE2CA0DA590091E7B2 /* TemplateList.swift in Sources */ = {isa = PBXBuildFile; fileRef = 78B5D7FD2CA0DA590091E7B2 /* TemplateList.swift */; };
		78B5D8002CA0DA760091E7B2 /* TemplateOrganizer.swift in Sources */ = {isa = PBXBuildFile; fileRef = 78B5D7FF2CA0DA760091E7B2 /* TemplateOrganizer.swift */; };
		78B5D8022CA0DAF30091E7B2 /* TemplateRow.swift in Sources */ = {isa = PBXBuildFile; fileRef = 78B5D8012CA0DAF30091E7B2 /* TemplateRow.swift */; };
/* End PBXBuildFile section */

/* Begin PBXFileReference section */
		789E899F2CA5E13A00D3D6BC /* BasicAnimation.swift */ = {isa = PBXFileReference; lastKnownFileType = sourcecode.swift; path = BasicAnimation.swift; sourceTree = "<group>"; };
		789E89A02CA5E13A00D3D6BC /* BasicShapes.swift */ = {isa = PBXFileReference; lastKnownFileType = sourcecode.swift; path = BasicShapes.swift; sourceTree = "<group>"; };
		789E89A12CA5E13A00D3D6BC /* DancingDots.swift */ = {isa = PBXFileReference; lastKnownFileType = sourcecode.swift; path = DancingDots.swift; sourceTree = "<group>"; };
		789E89A22CA5E13A00D3D6BC /* DragNDropDots.swift */ = {isa = PBXFileReference; lastKnownFileType = sourcecode.swift; path = DragNDropDots.swift; sourceTree = "<group>"; };
		789E89A32CA5E13A00D3D6BC /* ExplodingView.swift */ = {isa = PBXFileReference; lastKnownFileType = sourcecode.swift; path = ExplodingView.swift; sourceTree = "<group>"; };
		789E89A42CA5E13A00D3D6BC /* ScaleObject.swift */ = {isa = PBXFileReference; lastKnownFileType = sourcecode.swift; path = ScaleObject.swift; sourceTree = "<group>"; };
		78B5D7D82CA0CDE40091E7B2 /* Animation-SwiftUI.app */ = {isa = PBXFileReference; explicitFileType = wrapper.application; includeInIndex = 0; path = "Animation-SwiftUI.app"; sourceTree = BUILT_PRODUCTS_DIR; };
		78B5D7DB2CA0CDE40091E7B2 /* Animation_SwiftUIApp.swift */ = {isa = PBXFileReference; lastKnownFileType = sourcecode.swift; path = Animation_SwiftUIApp.swift; sourceTree = "<group>"; };
		78B5D7DF2CA0CDE60091E7B2 /* Assets.xcassets */ = {isa = PBXFileReference; lastKnownFileType = folder.assetcatalog; path = Assets.xcassets; sourceTree = "<group>"; };
		78B5D7E22CA0CDE60091E7B2 /* Preview Assets.xcassets */ = {isa = PBXFileReference; lastKnownFileType = folder.assetcatalog; path = "Preview Assets.xcassets"; sourceTree = "<group>"; };
		78B5D7F32CA0D9800091E7B2 /* SwapEffect.swift */ = {isa = PBXFileReference; lastKnownFileType = sourcecode.swift; path = SwapEffect.swift; sourceTree = "<group>"; };
		78B5D7F52CA0D9AD0091E7B2 /* WaveDots.swift */ = {isa = PBXFileReference; lastKnownFileType = sourcecode.swift; path = WaveDots.swift; sourceTree = "<group>"; };
		78B5D7F72CA0D9F30091E7B2 /* StartButtonStyle.swift */ = {isa = PBXFileReference; lastKnownFileType = sourcecode.swift; path = StartButtonStyle.swift; sourceTree = "<group>"; };
		78B5D7F92CA0DA230091E7B2 /* SpinView.swift */ = {isa = PBXFileReference; lastKnownFileType = sourcecode.swift; path = SpinView.swift; sourceTree = "<group>"; };
		78B5D7FB2CA0DA480091E7B2 /* Template.swift */ = {isa = PBXFileReference; lastKnownFileType = sourcecode.swift; path = Template.swift; sourceTree = "<group>"; };
		78B5D7FD2CA0DA590091E7B2 /* TemplateList.swift */ = {isa = PBXFileReference; lastKnownFileType = sourcecode.swift; path = TemplateList.swift; sourceTree = "<group>"; };
		78B5D7FF2CA0DA760091E7B2 /* TemplateOrganizer.swift */ = {isa = PBXFileReference; lastKnownFileType = sourcecode.swift; path = TemplateOrganizer.swift; sourceTree = "<group>"; };
		78B5D8012CA0DAF30091E7B2 /* TemplateRow.swift */ = {isa = PBXFileReference; lastKnownFileType = sourcecode.swift; path = TemplateRow.swift; sourceTree = "<group>"; };
/* End PBXFileReference section */

/* Begin PBXFrameworksBuildPhase section */
		78B5D7D52CA0CDE40091E7B2 /* Frameworks */ = {
			isa = PBXFrameworksBuildPhase;
			buildActionMask = 2147483647;
			files = (
			);
			runOnlyForDeploymentPostprocessing = 0;
		};
/* End PBXFrameworksBuildPhase section */

/* Begin PBXGroup section */
		78B5D7CF2CA0CDE40091E7B2 = {
			isa = PBXGroup;
			children = (
				78B5D7DA2CA0CDE40091E7B2 /* Animation-SwiftUI */,
				78B5D7D92CA0CDE40091E7B2 /* Products */,
			);
			sourceTree = "<group>";
		};
		78B5D7D92CA0CDE40091E7B2 /* Products */ = {
			isa = PBXGroup;
			children = (
				78B5D7D82CA0CDE40091E7B2 /* Animation-SwiftUI.app */,
			);
			name = Products;
			sourceTree = "<group>";
		};
		78B5D7DA2CA0CDE40091E7B2 /* Animation-SwiftUI */ = {
			isa = PBXGroup;
			children = (
				78B5D7DB2CA0CDE40091E7B2 /* Animation_SwiftUIApp.swift */,
				789E899F2CA5E13A00D3D6BC /* BasicAnimation.swift */,
				789E89A02CA5E13A00D3D6BC /* BasicShapes.swift */,
				789E89A12CA5E13A00D3D6BC /* DancingDots.swift */,
				789E89A22CA5E13A00D3D6BC /* DragNDropDots.swift */,
				789E89A32CA5E13A00D3D6BC /* ExplodingView.swift */,
				789E89A42CA5E13A00D3D6BC /* ScaleObject.swift */,
				78B5D7F32CA0D9800091E7B2 /* SwapEffect.swift */,
				78B5D7F52CA0D9AD0091E7B2 /* WaveDots.swift */,
				78B5D7F72CA0D9F30091E7B2 /* StartButtonStyle.swift */,
				78B5D7F92CA0DA230091E7B2 /* SpinView.swift */,
				78B5D7FB2CA0DA480091E7B2 /* Template.swift */,
				78B5D7FD2CA0DA590091E7B2 /* TemplateList.swift */,
				78B5D8012CA0DAF30091E7B2 /* TemplateRow.swift */,
				78B5D7FF2CA0DA760091E7B2 /* TemplateOrganizer.swift */,
				78B5D7DF2CA0CDE60091E7B2 /* Assets.xcassets */,
				78B5D7E12CA0CDE60091E7B2 /* Preview Content */,
			);
			path = "Animation-SwiftUI";
			sourceTree = "<group>";
		};
		78B5D7E12CA0CDE60091E7B2 /* Preview Content */ = {
			isa = PBXGroup;
			children = (
				78B5D7E22CA0CDE60091E7B2 /* Preview Assets.xcassets */,
			);
			path = "Preview Content";
			sourceTree = "<group>";
		};
/* End PBXGroup section */

/* Begin PBXNativeTarget section */
		78B5D7D72CA0CDE40091E7B2 /* Animation-SwiftUI */ = {
			isa = PBXNativeTarget;
			buildConfigurationList = 78B5D7E62CA0CDE60091E7B2 /* Build configuration list for PBXNativeTarget "Animation-SwiftUI" */;
			buildPhases = (
				78B5D7D42CA0CDE40091E7B2 /* Sources */,
				78B5D7D52CA0CDE40091E7B2 /* Frameworks */,
				78B5D7D62CA0CDE40091E7B2 /* Resources */,
			);
			buildRules = (
			);
			dependencies = (
			);
			name = "Animation-SwiftUI";
			productName = "Animation-SwiftUI";
			productReference = 78B5D7D82CA0CDE40091E7B2 /* Animation-SwiftUI.app */;
			productType = "com.apple.product-type.application";
		};
/* End PBXNativeTarget section */

/* Begin PBXProject section */
		78B5D7D02CA0CDE40091E7B2 /* Project object */ = {
			isa = PBXProject;
			attributes = {
				BuildIndependentTargetsInParallel = 1;
				LastSwiftUpdateCheck = 1530;
				LastUpgradeCheck = 1530;
				TargetAttributes = {
					78B5D7D72CA0CDE40091E7B2 = {
						CreatedOnToolsVersion = 15.3;
					};
				};
			};
			buildConfigurationList = 78B5D7D32CA0CDE40091E7B2 /* Build configuration list for PBXProject "Animation-SwiftUI" */;
			compatibilityVersion = "Xcode 14.0";
			developmentRegion = en;
			hasScannedForEncodings = 0;
			knownRegions = (
				en,
				Base,
			);
			mainGroup = 78B5D7CF2CA0CDE40091E7B2;
			productRefGroup = 78B5D7D92CA0CDE40091E7B2 /* Products */;
			projectDirPath = "";
			projectRoot = "";
			targets = (
				78B5D7D72CA0CDE40091E7B2 /* Animation-SwiftUI */,
			);
		};
/* End PBXProject section */

/* Begin PBXResourcesBuildPhase section */
		78B5D7D62CA0CDE40091E7B2 /* Resources */ = {
			isa = PBXResourcesBuildPhase;
			buildActionMask = 2147483647;
			files = (
				78B5D7E32CA0CDE60091E7B2 /* Preview Assets.xcassets in Resources */,
				78B5D7E02CA0CDE60091E7B2 /* Assets.xcassets in Resources */,
			);
			runOnlyForDeploymentPostprocessing = 0;
		};
/* End PBXResourcesBuildPhase section */

/* Begin PBXSourcesBuildPhase section */
		78B5D7D42CA0CDE40091E7B2 /* Sources */ = {
			isa = PBXSourcesBuildPhase;
			buildActionMask = 2147483647;
			files = (
				78B5D7FA2CA0DA230091E7B2 /* SpinView.swift in Sources */,
				789E89A52CA5E13A00D3D6BC /* ExplodingView.swift in Sources */,
				789E89A62CA5E13A00D3D6BC /* DragNDropDots.swift in Sources */,
				789E89A72CA5E13A00D3D6BC /* DancingDots.swift in Sources */,
				789E89A82CA5E13A00D3D6BC /* BasicAnimation.swift in Sources */,
				789E89A92CA5E13A00D3D6BC /* BasicShapes.swift in Sources */,
				789E89AA2CA5E13A00D3D6BC /* ScaleObject.swift in Sources */,
				78B5D8002CA0DA760091E7B2 /* TemplateOrganizer.swift in Sources */,
				78B5D7FE2CA0DA590091E7B2 /* TemplateList.swift in Sources */,
				78B5D7FC2CA0DA480091E7B2 /* Template.swift in Sources */,
				78B5D8022CA0DAF30091E7B2 /* TemplateRow.swift in Sources */,
				78B5D7F42CA0D9800091E7B2 /* SwapEffect.swift in Sources */,
				78B5D7F82CA0D9F30091E7B2 /* StartButtonStyle.swift in Sources */,
				78B5D7F62CA0D9AD0091E7B2 /* WaveDots.swift in Sources */,
				78B5D7DC2CA0CDE40091E7B2 /* Animation_SwiftUIApp.swift in Sources */,
			);
			runOnlyForDeploymentPostprocessing = 0;
		};
/* End PBXSourcesBuildPhase section */

/* Begin XCBuildConfiguration section */
		78B5D7E42CA0CDE60091E7B2 /* Debug */ = {
			isa = XCBuildConfiguration;
			buildSettings = {
				ALWAYS_SEARCH_USER_PATHS = NO;
				ASSETCATALOG_COMPILER_GENERATE_SWIFT_ASSET_SYMBOL_EXTENSIONS = YES;
				CLANG_ANALYZER_NONNULL = YES;
				CLANG_ANALYZER_NUMBER_OBJECT_CONVERSION = YES_AGGRESSIVE;
				CLANG_CXX_LANGUAGE_STANDARD = "gnu++20";
				CLANG_ENABLE_MODULES = YES;
				CLANG_ENABLE_OBJC_ARC = YES;
				CLANG_ENABLE_OBJC_WEAK = YES;
				CLANG_WARN_BLOCK_CAPTURE_AUTORELEASING = YES;
				CLANG_WARN_BOOL_CONVERSION = YES;
				CLANG_WARN_COMMA = YES;
				CLANG_WARN_CONSTANT_CONVERSION = YES;
				CLANG_WARN_DEPRECATED_OBJC_IMPLEMENTATIONS = YES;
				CLANG_WARN_DIRECT_OBJC_ISA_USAGE = YES_ERROR;
				CLANG_WARN_DOCUMENTATION_COMMENTS = YES;
				CLANG_WARN_EMPTY_BODY = YES;
				CLANG_WARN_ENUM_CONVERSION = YES;
				CLANG_WARN_INFINITE_RECURSION = YES;
				CLANG_WARN_INT_CONVERSION = YES;
				CLANG_WARN_NON_LITERAL_NULL_CONVERSION = YES;
				CLANG_WARN_OBJC_IMPLICIT_RETAIN_SELF = YES;
				CLANG_WARN_OBJC_LITERAL_CONVERSION = YES;
				CLANG_WARN_OBJC_ROOT_CLASS = YES_ERROR;
				CLANG_WARN_QUOTED_INCLUDE_IN_FRAMEWORK_HEADER = YES;
				CLANG_WARN_RANGE_LOOP_ANALYSIS = YES;
				CLANG_WARN_STRICT_PROTOTYPES = YES;
				CLANG_WARN_SUSPICIOUS_MOVE = YES;
				CLANG_WARN_UNGUARDED_AVAILABILITY = YES_AGGRESSIVE;
				CLANG_WARN_UNREACHABLE_CODE = YES;
				CLANG_WARN__DUPLICATE_METHOD_MATCH = YES;
				COPY_PHASE_STRIP = NO;
				DEBUG_INFORMATION_FORMAT = dwarf;
				ENABLE_STRICT_OBJC_MSGSEND = YES;
				ENABLE_TESTABILITY = YES;
				ENABLE_USER_SCRIPT_SANDBOXING = YES;
				GCC_C_LANGUAGE_STANDARD = gnu17;
				GCC_DYNAMIC_NO_PIC = NO;
				GCC_NO_COMMON_BLOCKS = YES;
				GCC_OPTIMIZATION_LEVEL = 0;
				GCC_PREPROCESSOR_DEFINITIONS = (
					"DEBUG=1",
					"$(inherited)",
				);
				GCC_WARN_64_TO_32_BIT_CONVERSION = YES;
				GCC_WARN_ABOUT_RETURN_TYPE = YES_ERROR;
				GCC_WARN_UNDECLARED_SELECTOR = YES;
				GCC_WARN_UNINITIALIZED_AUTOS = YES_AGGRESSIVE;
				GCC_WARN_UNUSED_FUNCTION = YES;
				GCC_WARN_UNUSED_VARIABLE = YES;
				IPHONEOS_DEPLOYMENT_TARGET = 17.4;
				LOCALIZATION_PREFERS_STRING_CATALOGS = YES;
				MTL_ENABLE_DEBUG_INFO = INCLUDE_SOURCE;
				MTL_FAST_MATH = YES;
				ONLY_ACTIVE_ARCH = YES;
				SDKROOT = iphoneos;
				SWIFT_ACTIVE_COMPILATION_CONDITIONS = "DEBUG $(inherited)";
				SWIFT_OPTIMIZATION_LEVEL = "-Onone";
			};
			name = Debug;
		};
		78B5D7E52CA0CDE60091E7B2 /* Release */ = {
			isa = XCBuildConfiguration;
			buildSettings = {
				ALWAYS_SEARCH_USER_PATHS = NO;
				ASSETCATALOG_COMPILER_GENERATE_SWIFT_ASSET_SYMBOL_EXTENSIONS = YES;
				CLANG_ANALYZER_NONNULL = YES;
				CLANG_ANALYZER_NUMBER_OBJECT_CONVERSION = YES_AGGRESSIVE;
				CLANG_CXX_LANGUAGE_STANDARD = "gnu++20";
				CLANG_ENABLE_MODULES = YES;
				CLANG_ENABLE_OBJC_ARC = YES;
				CLANG_ENABLE_OBJC_WEAK = YES;
				CLANG_WARN_BLOCK_CAPTURE_AUTORELEASING = YES;
				CLANG_WARN_BOOL_CONVERSION = YES;
				CLANG_WARN_COMMA = YES;
				CLANG_WARN_CONSTANT_CONVERSION = YES;
				CLANG_WARN_DEPRECATED_OBJC_IMPLEMENTATIONS = YES;
				CLANG_WARN_DIRECT_OBJC_ISA_USAGE = YES_ERROR;
				CLANG_WARN_DOCUMENTATION_COMMENTS = YES;
				CLANG_WARN_EMPTY_BODY = YES;
				CLANG_WARN_ENUM_CONVERSION = YES;
				CLANG_WARN_INFINITE_RECURSION = YES;
				CLANG_WARN_INT_CONVERSION = YES;
				CLANG_WARN_NON_LITERAL_NULL_CONVERSION = YES;
				CLANG_WARN_OBJC_IMPLICIT_RETAIN_SELF = YES;
				CLANG_WARN_OBJC_LITERAL_CONVERSION = YES;
				CLANG_WARN_OBJC_ROOT_CLASS = YES_ERROR;
				CLANG_WARN_QUOTED_INCLUDE_IN_FRAMEWORK_HEADER = YES;
				CLANG_WARN_RANGE_LOOP_ANALYSIS = YES;
				CLANG_WARN_STRICT_PROTOTYPES = YES;
				CLANG_WARN_SUSPICIOUS_MOVE = YES;
				CLANG_WARN_UNGUARDED_AVAILABILITY = YES_AGGRESSIVE;
				CLANG_WARN_UNREACHABLE_CODE = YES;
				CLANG_WARN__DUPLICATE_METHOD_MATCH = YES;
				COPY_PHASE_STRIP = NO;
				DEBUG_INFORMATION_FORMAT = "dwarf-with-dsym";
				ENABLE_NS_ASSERTIONS = NO;
				ENABLE_STRICT_OBJC_MSGSEND = YES;
				ENABLE_USER_SCRIPT_SANDBOXING = YES;
				GCC_C_LANGUAGE_STANDARD = gnu17;
				GCC_NO_COMMON_BLOCKS = YES;
				GCC_WARN_64_TO_32_BIT_CONVERSION = YES;
				GCC_WARN_ABOUT_RETURN_TYPE = YES_ERROR;
				GCC_WARN_UNDECLARED_SELECTOR = YES;
				GCC_WARN_UNINITIALIZED_AUTOS = YES_AGGRESSIVE;
				GCC_WARN_UNUSED_FUNCTION = YES;
				GCC_WARN_UNUSED_VARIABLE = YES;
				IPHONEOS_DEPLOYMENT_TARGET = 17.4;
				LOCALIZATION_PREFERS_STRING_CATALOGS = YES;
				MTL_ENABLE_DEBUG_INFO = NO;
				MTL_FAST_MATH = YES;
				SDKROOT = iphoneos;
				SWIFT_COMPILATION_MODE = wholemodule;
				VALIDATE_PRODUCT = YES;
			};
			name = Release;
		};
		78B5D7E72CA0CDE60091E7B2 /* Debug */ = {
			isa = XCBuildConfiguration;
			buildSettings = {
				ASSETCATALOG_COMPILER_APPICON_NAME = AppIcon;
				ASSETCATALOG_COMPILER_GLOBAL_ACCENT_COLOR_NAME = AccentColor;
				CODE_SIGN_STYLE = Automatic;
				CURRENT_PROJECT_VERSION = 1;
				DEVELOPMENT_ASSET_PATHS = "\"Animation-SwiftUI/Preview Content\"";
				DEVELOPMENT_TEAM = Z7A6974W27;
				ENABLE_PREVIEWS = YES;
				GENERATE_INFOPLIST_FILE = YES;
				INFOPLIST_KEY_UIApplicationSceneManifest_Generation = YES;
				INFOPLIST_KEY_UIApplicationSupportsIndirectInputEvents = YES;
				INFOPLIST_KEY_UILaunchScreen_Generation = YES;
				INFOPLIST_KEY_UISupportedInterfaceOrientations_iPad = "UIInterfaceOrientationPortrait UIInterfaceOrientationPortraitUpsideDown UIInterfaceOrientationLandscapeLeft UIInterfaceOrientationLandscapeRight";
				INFOPLIST_KEY_UISupportedInterfaceOrientations_iPhone = "UIInterfaceOrientationPortrait UIInterfaceOrientationLandscapeLeft UIInterfaceOrientationLandscapeRight";
				LD_RUNPATH_SEARCH_PATHS = (
					"$(inherited)",
					"@executable_path/Frameworks",
				);
				MARKETING_VERSION = 1.0;
				PRODUCT_BUNDLE_IDENTIFIER = "com.alexfila.Animation-SwiftUI";
				PRODUCT_NAME = "$(TARGET_NAME)";
				SWIFT_EMIT_LOC_STRINGS = YES;
				SWIFT_VERSION = 5.0;
				TARGETED_DEVICE_FAMILY = "1,2";
			};
			name = Debug;
		};
		78B5D7E82CA0CDE60091E7B2 /* Release */ = {
			isa = XCBuildConfiguration;
			buildSettings = {
				ASSETCATALOG_COMPILER_APPICON_NAME = AppIcon;
				ASSETCATALOG_COMPILER_GLOBAL_ACCENT_COLOR_NAME = AccentColor;
				CODE_SIGN_STYLE = Automatic;
				CURRENT_PROJECT_VERSION = 1;
				DEVELOPMENT_ASSET_PATHS = "\"Animation-SwiftUI/Preview Content\"";
				DEVELOPMENT_TEAM = Z7A6974W27;
				ENABLE_PREVIEWS = YES;
				GENERATE_INFOPLIST_FILE = YES;
				INFOPLIST_KEY_UIApplicationSceneManifest_Generation = YES;
				INFOPLIST_KEY_UIApplicationSupportsIndirectInputEvents = YES;
				INFOPLIST_KEY_UILaunchScreen_Generation = YES;
				INFOPLIST_KEY_UISupportedInterfaceOrientations_iPad = "UIInterfaceOrientationPortrait UIInterfaceOrientationPortraitUpsideDown UIInterfaceOrientationLandscapeLeft UIInterfaceOrientationLandscapeRight";
				INFOPLIST_KEY_UISupportedInterfaceOrientations_iPhone = "UIInterfaceOrientationPortrait UIInterfaceOrientationLandscapeLeft UIInterfaceOrientationLandscapeRight";
				LD_RUNPATH_SEARCH_PATHS = (
					"$(inherited)",
					"@executable_path/Frameworks",
				);
				MARKETING_VERSION = 1.0;
				PRODUCT_BUNDLE_IDENTIFIER = "com.alexfila.Animation-SwiftUI";
				PRODUCT_NAME = "$(TARGET_NAME)";
				SWIFT_EMIT_LOC_STRINGS = YES;
				SWIFT_VERSION = 5.0;
				TARGETED_DEVICE_FAMILY = "1,2";
			};
			name = Release;
		};
/* End XCBuildConfiguration section */

/* Begin XCConfigurationList section */
		78B5D7D32CA0CDE40091E7B2 /* Build configuration list for PBXProject "Animation-SwiftUI" */ = {
			isa = XCConfigurationList;
			buildConfigurations = (
				78B5D7E42CA0CDE60091E7B2 /* Debug */,
				78B5D7E52CA0CDE60091E7B2 /* Release */,
			);
			defaultConfigurationIsVisible = 0;
			defaultConfigurationName = Release;
		};
		78B5D7E62CA0CDE60091E7B2 /* Build configuration list for PBXNativeTarget "Animation-SwiftUI" */ = {
			isa = XCConfigurationList;
			buildConfigurations = (
				78B5D7E72CA0CDE60091E7B2 /* Debug */,
				78B5D7E82CA0CDE60091E7B2 /* Release */,
			);
			defaultConfigurationIsVisible = 0;
			defaultConfigurationName = Release;
		};
/* End XCConfigurationList section */
	};
	rootObject = 78B5D7D02CA0CDE40091E7B2 /* Project object */;
}
